
Microsoft Visual Studio Solution File, Format Version 12.00
# Visual Studio Version 17
VisualStudioVersion = 17.14.36310.24
MinimumVisualStudioVersion = 10.0.40219.1
Project("{FAE04EC0-301F-11D3-BF4B-00C04F79EFBC}") = "WebTechInMemory", "WebTechInMemory\WebTechInMemory.csproj", "{A0B50ADB-8D4D-4638-89DE-BC2000713FC7}"
EndProject
Project("{2150E333-8FDC-42A3-9474-1A3956D46DE8}") = "1. PRESENTATION", "1. PRESENTATION", "{02EA681E-C7D8-13C7-8484-4AC65E1B71E8}"
EndProject
Project("{2150E333-8FDC-42A3-9474-1A3956D46DE8}") = "2. APPLICATION", "2. APPLICATION", "{080EA112-AA1D-4961-84AA-30497BD53355}"
EndProject
Project("{2150E333-8FDC-42A3-9474-1A3956D46DE8}") = "3. DOMAIN", "3. DOMAIN", "{9167A90F-948C-4899-AA9D-988DA13E3031}"
EndProject
Project("{2150E333-8FDC-42A3-9474-1A3956D46DE8}") = "4. BUSINESS", "4. BUSINESS", "{3054600B-D1E1-4401-B3E7-F20F80AFB053}"
EndProject
Project("{2150E333-8FDC-42A3-9474-1A3956D46DE8}") = "5. INFRASTRUCTURE", "5. INFRASTRUCTURE", "{81DF2A59-EBE5-474A-9D4D-4C12583AE8FA}"
EndProject
Project("{FAE04EC0-301F-11D3-BF4B-00C04F79EFBC}") = "INFRASTRUCTURE", "INFRASTRUCTURE\INFRASTRUCTURE.csproj", "{FDA23AF1-22FE-41D3-8A26-B83D4803F4A9}"
EndProject
Project("{FAE04EC0-301F-11D3-BF4B-00C04F79EFBC}") = "BUSINESS", "BUSINESS\BUSINESS.csproj", "{68D0DC8E-B204-4A70-8CA5-877F419CC1A7}"
EndProject
Project("{FAE04EC0-301F-11D3-BF4B-00C04F79EFBC}") = "DOMAIN", "DOMAIN\DOMAIN.csproj", "{3A13D533-BC2F-41AA-AE4B-F8EB083FEBE8}"
EndProject
Project("{FAE04EC0-301F-11D3-BF4B-00C04F79EFBC}") = "APPLICATION", "APPLICATION\APPLICATION.csproj", "{8D2920AE-82AF-47B8-8DE1-8F4778599B66}"
EndProject
Global
	GlobalSection(SolutionConfigurationPlatforms) = preSolution
		Debug|Any CPU = Debug|Any CPU
		Release|Any CPU = Release|Any CPU
	EndGlobalSection
	GlobalSection(ProjectConfigurationPlatforms) = postSolution
		{A0B50ADB-8D4D-4638-89DE-BC2000713FC7}.Debug|Any CPU.ActiveCfg = Debug|Any CPU
		{A0B50ADB-8D4D-4638-89DE-BC2000713FC7}.Debug|Any CPU.Build.0 = Debug|Any CPU
		{A0B50ADB-8D4D-4638-89DE-BC2000713FC7}.Release|Any CPU.ActiveCfg = Release|Any CPU
		{A0B50ADB-8D4D-4638-89DE-BC2000713FC7}.Release|Any CPU.Build.0 = Release|Any CPU
		{FDA23AF1-22FE-41D3-8A26-B83D4803F4A9}.Debug|Any CPU.ActiveCfg = Debug|Any CPU
		{FDA23AF1-22FE-41D3-8A26-B83D4803F4A9}.Debug|Any CPU.Build.0 = Debug|Any CPU
		{FDA23AF1-22FE-41D3-8A26-B83D4803F4A9}.Release|Any CPU.ActiveCfg = Release|Any CPU
		{FDA23AF1-22FE-41D3-8A26-B83D4803F4A9}.Release|Any CPU.Build.0 = Release|Any CPU
		{68D0DC8E-B204-4A70-8CA5-877F419CC1A7}.Debug|Any CPU.ActiveCfg = Debug|Any CPU
		{68D0DC8E-B204-4A70-8CA5-877F419CC1A7}.Debug|Any CPU.Build.0 = Debug|Any CPU
		{68D0DC8E-B204-4A70-8CA5-877F419CC1A7}.Release|Any CPU.ActiveCfg = Release|Any CPU
		{68D0DC8E-B204-4A70-8CA5-877F419CC1A7}.Release|Any CPU.Build.0 = Release|Any CPU
		{3A13D533-BC2F-41AA-AE4B-F8EB083FEBE8}.Debug|Any CPU.ActiveCfg = Debug|Any CPU
		{3A13D533-BC2F-41AA-AE4B-F8EB083FEBE8}.Debug|Any CPU.Build.0 = Debug|Any CPU
		{3A13D533-BC2F-41AA-AE4B-F8EB083FEBE8}.Release|Any CPU.ActiveCfg = Release|Any CPU
		{3A13D533-BC2F-41AA-AE4B-F8EB083FEBE8}.Release|Any CPU.Build.0 = Release|Any CPU
		{8D2920AE-82AF-47B8-8DE1-8F4778599B66}.Debug|Any CPU.ActiveCfg = Debug|Any CPU
		{8D2920AE-82AF-47B8-8DE1-8F4778599B66}.Debug|Any CPU.Build.0 = Debug|Any CPU
		{8D2920AE-82AF-47B8-8DE1-8F4778599B66}.Release|Any CPU.ActiveCfg = Release|Any CPU
		{8D2920AE-82AF-47B8-8DE1-8F4778599B66}.Release|Any CPU.Build.0 = Release|Any CPU
	EndGlobalSection
	GlobalSection(SolutionProperties) = preSolution
		HideSolutionNode = FALSE
	EndGlobalSection
	GlobalSection(NestedProjects) = preSolution
		{A0B50ADB-8D4D-4638-89DE-BC2000713FC7} = {02EA681E-C7D8-13C7-8484-4AC65E1B71E8}
		{FDA23AF1-22FE-41D3-8A26-B83D4803F4A9} = {81DF2A59-EBE5-474A-9D4D-4C12583AE8FA}
		{68D0DC8E-B204-4A70-8CA5-877F419CC1A7} = {3054600B-D1E1-4401-B3E7-F20F80AFB053}
		{3A13D533-BC2F-41AA-AE4B-F8EB083FEBE8} = {9167A90F-948C-4899-AA9D-988DA13E3031}
		{8D2920AE-82AF-47B8-8DE1-8F4778599B66} = {080EA112-AA1D-4961-84AA-30497BD53355}
	EndGlobalSection
	GlobalSection(ExtensibilityGlobals) = postSolution
		SolutionGuid = {96E33EE8-6E77-406D-924F-61BEEDF87C19}
	EndGlobalSection
EndGlobal
